// !$*UTF8*$!
{
	archiveVersion = 1;
	classes = {
	};
	objectVersion = 56;
	objects = {

/* Begin PBXBuildFile section */
		BE20B6DE29049BD200E5C00E /* FocusApp.swift in Sources */ = {isa = PBXBuildFile; fileRef = BE20B6DD29049BD200E5C00E /* FocusApp.swift */; };
		BE20B6E029049BD200E5C00E /* ContentView.swift in Sources */ = {isa = PBXBuildFile; fileRef = BE20B6DF29049BD200E5C00E /* ContentView.swift */; };
		BE20B6E229049BD300E5C00E /* Assets.xcassets in Resources */ = {isa = PBXBuildFile; fileRef = BE20B6E129049BD300E5C00E /* Assets.xcassets */; };
		BE20B6E529049BD300E5C00E /* Preview Assets.xcassets in Resources */ = {isa = PBXBuildFile; fileRef = BE20B6E429049BD300E5C00E /* Preview Assets.xcassets */; };
		BE20B6EF29049BD300E5C00E /* FocusTests.swift in Sources */ = {isa = PBXBuildFile; fileRef = BE20B6EE29049BD300E5C00E /* FocusTests.swift */; };
		BE20B6F929049BD300E5C00E /* FocusUITests.swift in Sources */ = {isa = PBXBuildFile; fileRef = BE20B6F829049BD300E5C00E /* FocusUITests.swift */; };
		BE20B6FB29049BD300E5C00E /* FocusUITestsLaunchTests.swift in Sources */ = {isa = PBXBuildFile; fileRef = BE20B6FA29049BD300E5C00E /* FocusUITestsLaunchTests.swift */; };
/* End PBXBuildFile section */

/* Begin PBXContainerItemProxy section */
		BE20B6EB29049BD300E5C00E /* PBXContainerItemProxy */ = {
			isa = PBXContainerItemProxy;
			containerPortal = BE20B6D229049BD200E5C00E /* Project object */;
			proxyType = 1;
			remoteGlobalIDString = BE20B6D929049BD200E5C00E;
			remoteInfo = Focus;
		};
		BE20B6F529049BD300E5C00E /* PBXContainerItemProxy */ = {
			isa = PBXContainerItemProxy;
			containerPortal = BE20B6D229049BD200E5C00E /* Project object */;
			proxyType = 1;
			remoteGlobalIDString = BE20B6D929049BD200E5C00E;
			remoteInfo = Focus;
		};
/* End PBXContainerItemProxy section */

/* Begin PBXFileReference section */
		BE20B6DA29049BD200E5C00E /* Focus.app */ = {isa = PBXFileReference; explicitFileType = wrapper.application; includeInIndex = 0; path = Focus.app; sourceTree = BUILT_PRODUCTS_DIR; };
		BE20B6DD29049BD200E5C00E /* FocusApp.swift */ = {isa = PBXFileReference; lastKnownFileType = sourcecode.swift; path = FocusApp.swift; sourceTree = "<group>"; };
		BE20B6DF29049BD200E5C00E /* ContentView.swift */ = {isa = PBXFileReference; lastKnownFileType = sourcecode.swift; path = ContentView.swift; sourceTree = "<group>"; };
		BE20B6E129049BD300E5C00E /* Assets.xcassets */ = {isa = PBXFileReference; lastKnownFileType = folder.assetcatalog; path = Assets.xcassets; sourceTree = "<group>"; };
		BE20B6E429049BD300E5C00E /* Preview Assets.xcassets */ = {isa = PBXFileReference; lastKnownFileType = folder.assetcatalog; path = "Preview Assets.xcassets"; sourceTree = "<group>"; };
		BE20B6EA29049BD300E5C00E /* FocusTests.xctest */ = {isa = PBXFileReference; explicitFileType = wrapper.cfbundle; includeInIndex = 0; path = FocusTests.xctest; sourceTree = BUILT_PRODUCTS_DIR; };
		BE20B6EE29049BD300E5C00E /* FocusTests.swift */ = {isa = PBXFileReference; lastKnownFileType = sourcecode.swift; path = FocusTests.swift; sourceTree = "<group>"; };
		BE20B6F429049BD300E5C00E /* FocusUITests.xctest */ = {isa = PBXFileReference; explicitFileType = wrapper.cfbundle; includeInIndex = 0; path = FocusUITests.xctest; sourceTree = BUILT_PRODUCTS_DIR; };
		BE20B6F829049BD300E5C00E /* FocusUITests.swift */ = {isa = PBXFileReference; lastKnownFileType = sourcecode.swift; path = FocusUITests.swift; sourceTree = "<group>"; };
		BE20B6FA29049BD300E5C00E /* FocusUITestsLaunchTests.swift */ = {isa = PBXFileReference; lastKnownFileType = sourcecode.swift; path = FocusUITestsLaunchTests.swift; sourceTree = "<group>"; };
/* End PBXFileReference section */

/* Begin PBXFrameworksBuildPhase section */
		BE20B6D729049BD200E5C00E /* Frameworks */ = {
			isa = PBXFrameworksBuildPhase;
			buildActionMask = 2147483647;
			files = (
			);
			runOnlyForDeploymentPostprocessing = 0;
		};
		BE20B6E729049BD300E5C00E /* Frameworks */ = {
			isa = PBXFrameworksBuildPhase;
			buildActionMask = 2147483647;
			files = (
			);
			runOnlyForDeploymentPostprocessing = 0;
		};
		BE20B6F129049BD300E5C00E /* Frameworks */ = {
			isa = PBXFrameworksBuildPhase;
			buildActionMask = 2147483647;
			files = (
			);
			runOnlyForDeploymentPostprocessing = 0;
		};
/* End PBXFrameworksBuildPhase section */

/* Begin PBXGroup section */
		BE20B6D129049BD200E5C00E = {
			isa = PBXGroup;
			children = (
				BE20B6DC29049BD200E5C00E /* Focus */,
				BE20B6ED29049BD300E5C00E /* FocusTests */,
				BE20B6F729049BD300E5C00E /* FocusUITests */,
				BE20B6DB29049BD200E5C00E /* Products */,
			);
			sourceTree = "<group>";
		};
		BE20B6DB29049BD200E5C00E /* Products */ = {
			isa = PBXGroup;
			children = (
				BE20B6DA29049BD200E5C00E /* Focus.app */,
				BE20B6EA29049BD300E5C00E /* FocusTests.xctest */,
				BE20B6F429049BD300E5C00E /* FocusUITests.xctest */,
			);
			name = Products;
			sourceTree = "<group>";
		};
		BE20B6DC29049BD200E5C00E /* Focus */ = {
			isa = PBXGroup;
			children = (
				BE20B6DD29049BD200E5C00E /* FocusApp.swift */,
				BE20B6DF29049BD200E5C00E /* ContentView.swift */,
				BE20B6E129049BD300E5C00E /* Assets.xcassets */,
				BE20B6E329049BD300E5C00E /* Preview Content */,
			);
			path = Focus;
			sourceTree = "<group>";
		};
		BE20B6E329049BD300E5C00E /* Preview Content */ = {
			isa = PBXGroup;
			children = (
				BE20B6E429049BD300E5C00E /* Preview Assets.xcassets */,
			);
			path = "Preview Content";
			sourceTree = "<group>";
		};
		BE20B6ED29049BD300E5C00E /* FocusTests */ = {
			isa = PBXGroup;
			children = (
				BE20B6EE29049BD300E5C00E /* FocusTests.swift */,
			);
			path = FocusTests;
			sourceTree = "<group>";
		};
		BE20B6F729049BD300E5C00E /* FocusUITests */ = {
			isa = PBXGroup;
			children = (
				BE20B6F829049BD300E5C00E /* FocusUITests.swift */,
				BE20B6FA29049BD300E5C00E /* FocusUITestsLaunchTests.swift */,
			);
			path = FocusUITests;
			sourceTree = "<group>";
		};
/* End PBXGroup section */

/* Begin PBXNativeTarget section */
		BE20B6D929049BD200E5C00E /* Focus */ = {
			isa = PBXNativeTarget;
			buildConfigurationList = BE20B6FE29049BD300E5C00E /* Build configuration list for PBXNativeTarget "Focus" */;
			buildPhases = (
				BE20B6D629049BD200E5C00E /* Sources */,
				BE20B6D729049BD200E5C00E /* Frameworks */,
				BE20B6D829049BD200E5C00E /* Resources */,
			);
			buildRules = (
			);
			dependencies = (
			);
			name = Focus;
			productName = Focus;
			productReference = BE20B6DA29049BD200E5C00E /* Focus.app */;
			productType = "com.apple.product-type.application";
		};
		BE20B6E929049BD300E5C00E /* FocusTests */ = {
			isa = PBXNativeTarget;
			buildConfigurationList = BE20B70129049BD300E5C00E /* Build configuration list for PBXNativeTarget "FocusTests" */;
			buildPhases = (
				BE20B6E629049BD300E5C00E /* Sources */,
				BE20B6E729049BD300E5C00E /* Frameworks */,
				BE20B6E829049BD300E5C00E /* Resources */,
			);
			buildRules = (
			);
			dependencies = (
				BE20B6EC29049BD300E5C00E /* PBXTargetDependency */,
			);
			name = FocusTests;
			productName = FocusTests;
			productReference = BE20B6EA29049BD300E5C00E /* FocusTests.xctest */;
			productType = "com.apple.product-type.bundle.unit-test";
		};
		BE20B6F329049BD300E5C00E /* FocusUITests */ = {
			isa = PBXNativeTarget;
			buildConfigurationList = BE20B70429049BD300E5C00E /* Build configuration list for PBXNativeTarget "FocusUITests" */;
			buildPhases = (
				BE20B6F029049BD300E5C00E /* Sources */,
				BE20B6F129049BD300E5C00E /* Frameworks */,
				BE20B6F229049BD300E5C00E /* Resources */,
			);
			buildRules = (
			);
			dependencies = (
				BE20B6F629049BD300E5C00E /* PBXTargetDependency */,
			);
			name = FocusUITests;
			productName = FocusUITests;
			productReference = BE20B6F429049BD300E5C00E /* FocusUITests.xctest */;
			productType = "com.apple.product-type.bundle.ui-testing";
		};
/* End PBXNativeTarget section */

/* Begin PBXProject section */
		BE20B6D229049BD200E5C00E /* Project object */ = {
			isa = PBXProject;
			attributes = {
				BuildIndependentTargetsInParallel = 1;
				LastSwiftUpdateCheck = 1400;
				LastUpgradeCheck = 1400;
				TargetAttributes = {
					BE20B6D929049BD200E5C00E = {
						CreatedOnToolsVersion = 14.0.1;
					};
					BE20B6E929049BD300E5C00E = {
						CreatedOnToolsVersion = 14.0.1;
						TestTargetID = BE20B6D929049BD200E5C00E;
					};
					BE20B6F329049BD300E5C00E = {
						CreatedOnToolsVersion = 14.0.1;
						TestTargetID = BE20B6D929049BD200E5C00E;
					};
				};
			};
			buildConfigurationList = BE20B6D529049BD200E5C00E /* Build configuration list for PBXProject "Focus" */;
			compatibilityVersion = "Xcode 14.0";
			developmentRegion = en;
			hasScannedForEncodings = 0;
			knownRegions = (
				en,
				Base,
			);
			mainGroup = BE20B6D129049BD200E5C00E;
			productRefGroup = BE20B6DB29049BD200E5C00E /* Products */;
			projectDirPath = "";
			projectRoot = "";
			targets = (
				BE20B6D929049BD200E5C00E /* Focus */,
				BE20B6E929049BD300E5C00E /* FocusTests */,
				BE20B6F329049BD300E5C00E /* FocusUITests */,
			);
		};
/* End PBXProject section */

/* Begin PBXResourcesBuildPhase section */
		BE20B6D829049BD200E5C00E /* Resources */ = {
			isa = PBXResourcesBuildPhase;
			buildActionMask = 2147483647;
			files = (
				BE20B6E529049BD300E5C00E /* Preview Assets.xcassets in Resources */,
				BE20B6E229049BD300E5C00E /* Assets.xcassets in Resources */,
			);
			runOnlyForDeploymentPostprocessing = 0;
		};
		BE20B6E829049BD300E5C00E /* Resources */ = {
			isa = PBXResourcesBuildPhase;
			buildActionMask = 2147483647;
			files = (
			);
			runOnlyForDeploymentPostprocessing = 0;
		};
		BE20B6F229049BD300E5C00E /* Resources */ = {
			isa = PBXResourcesBuildPhase;
			buildActionMask = 2147483647;
			files = (
			);
			runOnlyForDeploymentPostprocessing = 0;
		};
/* End PBXResourcesBuildPhase section */

/* Begin PBXSourcesBuildPhase section */
		BE20B6D629049BD200E5C00E /* Sources */ = {
			isa = PBXSourcesBuildPhase;
			buildActionMask = 2147483647;
			files = (
				BE20B6E029049BD200E5C00E /* ContentView.swift in Sources */,
				BE20B6DE29049BD200E5C00E /* FocusApp.swift in Sources */,
			);
			runOnlyForDeploymentPostprocessing = 0;
		};
		BE20B6E629049BD300E5C00E /* Sources */ = {
			isa = PBXSourcesBuildPhase;
			buildActionMask = 2147483647;
			files = (
				BE20B6EF29049BD300E5C00E /* FocusTests.swift in Sources */,
			);
			runOnlyForDeploymentPostprocessing = 0;
		};
		BE20B6F029049BD300E5C00E /* Sources */ = {
			isa = PBXSourcesBuildPhase;
			buildActionMask = 2147483647;
			files = (
				BE20B6F929049BD300E5C00E /* FocusUITests.swift in Sources */,
				BE20B6FB29049BD300E5C00E /* FocusUITestsLaunchTests.swift in Sources */,
			);
			runOnlyForDeploymentPostprocessing = 0;
		};
/* End PBXSourcesBuildPhase section */

/* Begin PBXTargetDependency section */
		BE20B6EC29049BD300E5C00E /* PBXTargetDependency */ = {
			isa = PBXTargetDependency;
			target = BE20B6D929049BD200E5C00E /* Focus */;
			targetProxy = BE20B6EB29049BD300E5C00E /* PBXContainerItemProxy */;
		};
		BE20B6F629049BD300E5C00E /* PBXTargetDependency */ = {
			isa = PBXTargetDependency;
			target = BE20B6D929049BD200E5C00E /* Focus */;
			targetProxy = BE20B6F529049BD300E5C00E /* PBXContainerItemProxy */;
		};
/* End PBXTargetDependency section */

/* Begin XCBuildConfiguration section */
		BE20B6FC29049BD300E5C00E /* Debug */ = {
			isa = XCBuildConfiguration;
			buildSettings = {
				ALWAYS_SEARCH_USER_PATHS = NO;
				CLANG_ANALYZER_NONNULL = YES;
				CLANG_ANALYZER_NUMBER_OBJECT_CONVERSION = YES_AGGRESSIVE;
				CLANG_CXX_LANGUAGE_STANDARD = "gnu++20";
				CLANG_ENABLE_MODULES = YES;
				CLANG_ENABLE_OBJC_ARC = YES;
				CLANG_ENABLE_OBJC_WEAK = YES;
				CLANG_WARN_BLOCK_CAPTURE_AUTORELEASING = YES;
				CLANG_WARN_BOOL_CONVERSION = YES;
				CLANG_WARN_COMMA = YES;
				CLANG_WARN_CONSTANT_CONVERSION = YES;
				CLANG_WARN_DEPRECATED_OBJC_IMPLEMENTATIONS = YES;
				CLANG_WARN_DIRECT_OBJC_ISA_USAGE = YES_ERROR;
				CLANG_WARN_DOCUMENTATION_COMMENTS = YES;
				CLANG_WARN_EMPTY_BODY = YES;
				CLANG_WARN_ENUM_CONVERSION = YES;
				CLANG_WARN_INFINITE_RECURSION = YES;
				CLANG_WARN_INT_CONVERSION = YES;
				CLANG_WARN_NON_LITERAL_NULL_CONVERSION = YES;
				CLANG_WARN_OBJC_IMPLICIT_RETAIN_SELF = YES;
				CLANG_WARN_OBJC_LITERAL_CONVERSION = YES;
				CLANG_WARN_OBJC_ROOT_CLASS = YES_ERROR;
				CLANG_WARN_QUOTED_INCLUDE_IN_FRAMEWORK_HEADER = YES;
				CLANG_WARN_RANGE_LOOP_ANALYSIS = YES;
				CLANG_WARN_STRICT_PROTOTYPES = YES;
				CLANG_WARN_SUSPICIOUS_MOVE = YES;
				CLANG_WARN_UNGUARDED_AVAILABILITY = YES_AGGRESSIVE;
				CLANG_WARN_UNREACHABLE_CODE = YES;
				CLANG_WARN__DUPLICATE_METHOD_MATCH = YES;
				COPY_PHASE_STRIP = NO;
				DEBUG_INFORMATION_FORMAT = dwarf;
				ENABLE_STRICT_OBJC_MSGSEND = YES;
				ENABLE_TESTABILITY = YES;
				GCC_C_LANGUAGE_STANDARD = gnu11;
				GCC_DYNAMIC_NO_PIC = NO;
				GCC_NO_COMMON_BLOCKS = YES;
				GCC_OPTIMIZATION_LEVEL = 0;
				GCC_PREPROCESSOR_DEFINITIONS = (
					"DEBUG=1",
					"$(inherited)",
				);
				GCC_WARN_64_TO_32_BIT_CONVERSION = YES;
				GCC_WARN_ABOUT_RETURN_TYPE = YES_ERROR;
				GCC_WARN_UNDECLARED_SELECTOR = YES;
				GCC_WARN_UNINITIALIZED_AUTOS = YES_AGGRESSIVE;
				GCC_WARN_UNUSED_FUNCTION = YES;
				GCC_WARN_UNUSED_VARIABLE = YES;
				IPHONEOS_DEPLOYMENT_TARGET = 16.0;
				MTL_ENABLE_DEBUG_INFO = INCLUDE_SOURCE;
				MTL_FAST_MATH = YES;
				ONLY_ACTIVE_ARCH = YES;
				SDKROOT = iphoneos;
				SWIFT_ACTIVE_COMPILATION_CONDITIONS = DEBUG;
				SWIFT_OPTIMIZATION_LEVEL = "-Onone";
			};
			name = Debug;
		};
		BE20B6FD29049BD300E5C00E /* Release */ = {
			isa = XCBuildConfiguration;
			buildSettings = {
				ALWAYS_SEARCH_USER_PATHS = NO;
				CLANG_ANALYZER_NONNULL = YES;
				CLANG_ANALYZER_NUMBER_OBJECT_CONVERSION = YES_AGGRESSIVE;
				CLANG_CXX_LANGUAGE_STANDARD = "gnu++20";
				CLANG_ENABLE_MODULES = YES;
				CLANG_ENABLE_OBJC_ARC = YES;
				CLANG_ENABLE_OBJC_WEAK = YES;
				CLANG_WARN_BLOCK_CAPTURE_AUTORELEASING = YES;
				CLANG_WARN_BOOL_CONVERSION = YES;
				CLANG_WARN_COMMA = YES;
				CLANG_WARN_CONSTANT_CONVERSION = YES;
				CLANG_WARN_DEPRECATED_OBJC_IMPLEMENTATIONS = YES;
				CLANG_WARN_DIRECT_OBJC_ISA_USAGE = YES_ERROR;
				CLANG_WARN_DOCUMENTATION_COMMENTS = YES;
				CLANG_WARN_EMPTY_BODY = YES;
				CLANG_WARN_ENUM_CONVERSION = YES;
				CLANG_WARN_INFINITE_RECURSION = YES;
				CLANG_WARN_INT_CONVERSION = YES;
				CLANG_WARN_NON_LITERAL_NULL_CONVERSION = YES;
				CLANG_WARN_OBJC_IMPLICIT_RETAIN_SELF = YES;
				CLANG_WARN_OBJC_LITERAL_CONVERSION = YES;
				CLANG_WARN_OBJC_ROOT_CLASS = YES_ERROR;
				CLANG_WARN_QUOTED_INCLUDE_IN_FRAMEWORK_HEADER = YES;
				CLANG_WARN_RANGE_LOOP_ANALYSIS = YES;
				CLANG_WARN_STRICT_PROTOTYPES = YES;
				CLANG_WARN_SUSPICIOUS_MOVE = YES;
				CLANG_WARN_UNGUARDED_AVAILABILITY = YES_AGGRESSIVE;
				CLANG_WARN_UNREACHABLE_CODE = YES;
				CLANG_WARN__DUPLICATE_METHOD_MATCH = YES;
				COPY_PHASE_STRIP = NO;
				DEBUG_INFORMATION_FORMAT = "dwarf-with-dsym";
				ENABLE_NS_ASSERTIONS = NO;
				ENABLE_STRICT_OBJC_MSGSEND = YES;
				GCC_C_LANGUAGE_STANDARD = gnu11;
				GCC_NO_COMMON_BLOCKS = YES;
				GCC_WARN_64_TO_32_BIT_CONVERSION = YES;
				GCC_WARN_ABOUT_RETURN_TYPE = YES_ERROR;
				GCC_WARN_UNDECLARED_SELECTOR = YES;
				GCC_WARN_UNINITIALIZED_AUTOS = YES_AGGRESSIVE;
				GCC_WARN_UNUSED_FUNCTION = YES;
				GCC_WARN_UNUSED_VARIABLE = YES;
				IPHONEOS_DEPLOYMENT_TARGET = 16.0;
				MTL_ENABLE_DEBUG_INFO = NO;
				MTL_FAST_MATH = YES;
				SDKROOT = iphoneos;
				SWIFT_COMPILATION_MODE = wholemodule;
				SWIFT_OPTIMIZATION_LEVEL = "-O";
				VALIDATE_PRODUCT = YES;
			};
			name = Release;
		};
		BE20B6FF29049BD300E5C00E /* Debug */ = {
			isa = XCBuildConfiguration;
			buildSettings = {
				ASSETCATALOG_COMPILER_APPICON_NAME = AppIcon;
				ASSETCATALOG_COMPILER_GLOBAL_ACCENT_COLOR_NAME = AccentColor;
				CODE_SIGN_STYLE = Automatic;
				CURRENT_PROJECT_VERSION = 1;
				DEVELOPMENT_ASSET_PATHS = "\"Focus/Preview Content\"";
				ENABLE_PREVIEWS = YES;
				GENERATE_INFOPLIST_FILE = YES;
				INFOPLIST_KEY_UIApplicationSceneManifest_Generation = YES;
				INFOPLIST_KEY_UIApplicationSupportsIndirectInputEvents = YES;
				INFOPLIST_KEY_UILaunchScreen_Generation = YES;
				INFOPLIST_KEY_UISupportedInterfaceOrientations_iPad = "UIInterfaceOrientationPortrait UIInterfaceOrientationPortraitUpsideDown UIInterfaceOrientationLandscapeLeft UIInterfaceOrientationLandscapeRight";
				INFOPLIST_KEY_UISupportedInterfaceOrientations_iPhone = "UIInterfaceOrientationPortrait UIInterfaceOrientationLandscapeLeft UIInterfaceOrientationLandscapeRight";
				LD_RUNPATH_SEARCH_PATHS = (
					"$(inherited)",
					"@executable_path/Frameworks",
				);
				MARKETING_VERSION = 1.0;
				PRODUCT_BUNDLE_IDENTIFIER = com.jacobpantuso.Focus;
				PRODUCT_NAME = "$(TARGET_NAME)";
				SWIFT_EMIT_LOC_STRINGS = YES;
				SWIFT_VERSION = 5.0;
				TARGETED_DEVICE_FAMILY = "1,2";
			};
			name = Debug;
		};
		BE20B70029049BD300E5C00E /* Release */ = {
			isa = XCBuildConfiguration;
			buildSettings = {
				ASSETCATALOG_COMPILER_APPICON_NAME = AppIcon;
				ASSETCATALOG_COMPILER_GLOBAL_ACCENT_COLOR_NAME = AccentColor;
				CODE_SIGN_STYLE = Automatic;
				CURRENT_PROJECT_VERSION = 1;
				DEVELOPMENT_ASSET_PATHS = "\"Focus/Preview Content\"";
				ENABLE_PREVIEWS = YES;
				GENERATE_INFOPLIST_FILE = YES;
				INFOPLIST_KEY_UIApplicationSceneManifest_Generation = YES;
				INFOPLIST_KEY_UIApplicationSupportsIndirectInputEvents = YES;
				INFOPLIST_KEY_UILaunchScreen_Generation = YES;
				INFOPLIST_KEY_UISupportedInterfaceOrientations_iPad = "UIInterfaceOrientationPortrait UIInterfaceOrientationPortraitUpsideDown UIInterfaceOrientationLandscapeLeft UIInterfaceOrientationLandscapeRight";
				INFOPLIST_KEY_UISupportedInterfaceOrientations_iPhone = "UIInterfaceOrientationPortrait UIInterfaceOrientationLandscapeLeft UIInterfaceOrientationLandscapeRight";
				LD_RUNPATH_SEARCH_PATHS = (
					"$(inherited)",
					"@executable_path/Frameworks",
				);
				MARKETING_VERSION = 1.0;
				PRODUCT_BUNDLE_IDENTIFIER = com.jacobpantuso.Focus;
				PRODUCT_NAME = "$(TARGET_NAME)";
				SWIFT_EMIT_LOC_STRINGS = YES;
				SWIFT_VERSION = 5.0;
				TARGETED_DEVICE_FAMILY = "1,2";
			};
			name = Release;
		};
		BE20B70229049BD300E5C00E /* Debug */ = {
			isa = XCBuildConfiguration;
			buildSettings = {
				ALWAYS_EMBED_SWIFT_STANDARD_LIBRARIES = YES;
				BUNDLE_LOADER = "$(TEST_HOST)";
				CODE_SIGN_STYLE = Automatic;
				CURRENT_PROJECT_VERSION = 1;
				GENERATE_INFOPLIST_FILE = YES;
				IPHONEOS_DEPLOYMENT_TARGET = 16.0;
				MARKETING_VERSION = 1.0;
				PRODUCT_BUNDLE_IDENTIFIER = com.jacobpantuso.FocusTests;
				PRODUCT_NAME = "$(TARGET_NAME)";
				SWIFT_EMIT_LOC_STRINGS = NO;
				SWIFT_VERSION = 5.0;
				TARGETED_DEVICE_FAMILY = "1,2";
				TEST_HOST = "$(BUILT_PRODUCTS_DIR)/Focus.app/$(BUNDLE_EXECUTABLE_FOLDER_PATH)/Focus";
			};
			name = Debug;
		};
		BE20B70329049BD300E5C00E /* Release */ = {
			isa = XCBuildConfiguration;
			buildSettings = {
				ALWAYS_EMBED_SWIFT_STANDARD_LIBRARIES = YES;
				BUNDLE_LOADER = "$(TEST_HOST)";
				CODE_SIGN_STYLE = Automatic;
				CURRENT_PROJECT_VERSION = 1;
				GENERATE_INFOPLIST_FILE = YES;
				IPHONEOS_DEPLOYMENT_TARGET = 16.0;
				MARKETING_VERSION = 1.0;
				PRODUCT_BUNDLE_IDENTIFIER = com.jacobpantuso.FocusTests;
				PRODUCT_NAME = "$(TARGET_NAME)";
				SWIFT_EMIT_LOC_STRINGS = NO;
				SWIFT_VERSION = 5.0;
				TARGETED_DEVICE_FAMILY = "1,2";
				TEST_HOST = "$(BUILT_PRODUCTS_DIR)/Focus.app/$(BUNDLE_EXECUTABLE_FOLDER_PATH)/Focus";
			};
			name = Release;
		};
		BE20B70529049BD300E5C00E /* Debug */ = {
			isa = XCBuildConfiguration;
			buildSettings = {
				ALWAYS_EMBED_SWIFT_STANDARD_LIBRARIES = YES;
				CODE_SIGN_STYLE = Automatic;
				CURRENT_PROJECT_VERSION = 1;
				GENERATE_INFOPLIST_FILE = YES;
				MARKETING_VERSION = 1.0;
				PRODUCT_BUNDLE_IDENTIFIER = com.jacobpantuso.FocusUITests;
				PRODUCT_NAME = "$(TARGET_NAME)";
				SWIFT_EMIT_LOC_STRINGS = NO;
				SWIFT_VERSION = 5.0;
				TARGETED_DEVICE_FAMILY = "1,2";
				TEST_TARGET_NAME = Focus;
			};
			name = Debug;
		};
		BE20B70629049BD300E5C00E /* Release */ = {
			isa = XCBuildConfiguration;
			buildSettings = {
				ALWAYS_EMBED_SWIFT_STANDARD_LIBRARIES = YES;
				CODE_SIGN_STYLE = Automatic;
				CURRENT_PROJECT_VERSION = 1;
				GENERATE_INFOPLIST_FILE = YES;
				MARKETING_VERSION = 1.0;
				PRODUCT_BUNDLE_IDENTIFIER = com.jacobpantuso.FocusUITests;
				PRODUCT_NAME = "$(TARGET_NAME)";
				SWIFT_EMIT_LOC_STRINGS = NO;
				SWIFT_VERSION = 5.0;
				TARGETED_DEVICE_FAMILY = "1,2";
				TEST_TARGET_NAME = Focus;
			};
			name = Release;
		};
/* End XCBuildConfiguration section */

/* Begin XCConfigurationList section */
		BE20B6D529049BD200E5C00E /* Build configuration list for PBXProject "Focus" */ = {
			isa = XCConfigurationList;
			buildConfigurations = (
				BE20B6FC29049BD300E5C00E /* Debug */,
				BE20B6FD29049BD300E5C00E /* Release */,
			);
			defaultConfigurationIsVisible = 0;
			defaultConfigurationName = Release;
		};
		BE20B6FE29049BD300E5C00E /* Build configuration list for PBXNativeTarget "Focus" */ = {
			isa = XCConfigurationList;
			buildConfigurations = (
				BE20B6FF29049BD300E5C00E /* Debug */,
				BE20B70029049BD300E5C00E /* Release */,
			);
			defaultConfigurationIsVisible = 0;
			defaultConfigurationName = Release;
		};
		BE20B70129049BD300E5C00E /* Build configuration list for PBXNativeTarget "FocusTests" */ = {
			isa = XCConfigurationList;
			buildConfigurations = (
				BE20B70229049BD300E5C00E /* Debug */,
				BE20B70329049BD300E5C00E /* Release */,
			);
			defaultConfigurationIsVisible = 0;
			defaultConfigurationName = Release;
		};
		BE20B70429049BD300E5C00E /* Build configuration list for PBXNativeTarget "FocusUITests" */ = {
			isa = XCConfigurationList;
			buildConfigurations = (
				BE20B70529049BD300E5C00E /* Debug */,
				BE20B70629049BD300E5C00E /* Release */,
			);
			defaultConfigurationIsVisible = 0;
			defaultConfigurationName = Release;
		};
/* End XCConfigurationList section */
	};
	rootObject = BE20B6D229049BD200E5C00E /* Project object */;
}
